
Microsoft Visual Studio Solution File, Format Version 12.00
# Visual Studio Version 17
VisualStudioVersion = 17.2.32630.192
MinimumVisualStudioVersion = 10.0.40219.1
Project("{2150E333-8FDC-42A3-9474-1A3956D46DE8}") = "Solution Items", "Solution Items", "{89EF6D8C-C8F7-4374-B424-C88013F4791C}"
	ProjectSection(SolutionItems) = preProject
		.editorconfig = .editorconfig
		Directory.Build.props = Directory.Build.props
		Directory.Build.targets = Directory.Build.targets
	EndProjectSection
EndProject
Project("{2150E333-8FDC-42A3-9474-1A3956D46DE8}") = "build", "build", "{233FDDCD-5706-4E83-AF15-41A0CA9F0E42}"
EndProject
Project("{2150E333-8FDC-42A3-9474-1A3956D46DE8}") = "Targets", "Targets", "{9C9397C0-677A-481E-9A3B-5C0152ECF6E1}"
	ProjectSection(SolutionItems) = preProject
		build\Targets\AvaloniaDiagnostics.props = build\Targets\AvaloniaDiagnostics.props
		build\Targets\Import.props = build\Targets\Import.props
		build\Targets\Import.targets = build\Targets\Import.targets
		build\Targets\InternalsVisibleTo.targets = build\Targets\InternalsVisibleTo.targets
		build\Targets\NeutralResourcesLanguage.targets = build\Targets\NeutralResourcesLanguage.targets
		build\Targets\PackageProperties.props = build\Targets\PackageProperties.props
		build\Targets\PackageProperties.targets = build\Targets\PackageProperties.targets
		build\Targets\PackageVersions.targets = build\Targets\PackageVersions.targets
		build\Targets\RepoLayout.props = build\Targets\RepoLayout.props
	EndProjectSection
EndProject
Project("{9A19103F-16F7-4668-BE54-9A1E7A4F7556}") = "Movere", "src\Movere\Movere.csproj", "{4B0E3D01-F0C9-42EF-9556-32C96F59E353}"
EndProject
Project("{9A19103F-16F7-4668-BE54-9A1E7A4F7556}") = "Movere.Sample", "samples\Movere.Sample\Movere.Sample.csproj", "{1C5611B0-C2EE-43C5-BA3F-8016E2704969}"
EndProject
Global
	GlobalSection(SolutionConfigurationPlatforms) = preSolution
		Debug|Any CPU = Debug|Any CPU
		Release|Any CPU = Release|Any CPU
	EndGlobalSection
	GlobalSection(ProjectConfigurationPlatforms) = postSolution
		{4B0E3D01-F0C9-42EF-9556-32C96F59E353}.Debug|Any CPU.ActiveCfg = Debug|Any CPU
		{4B0E3D01-F0C9-42EF-9556-32C96F59E353}.Debug|Any CPU.Build.0 = Debug|Any CPU
		{4B0E3D01-F0C9-42EF-9556-32C96F59E353}.Release|Any CPU.ActiveCfg = Release|Any CPU
		{4B0E3D01-F0C9-42EF-9556-32C96F59E353}.Release|Any CPU.Build.0 = Release|Any CPU
		{1C5611B0-C2EE-43C5-BA3F-8016E2704969}.Debug|Any CPU.ActiveCfg = Debug|Any CPU
		{1C5611B0-C2EE-43C5-BA3F-8016E2704969}.Debug|Any CPU.Build.0 = Debug|Any CPU
		{1C5611B0-C2EE-43C5-BA3F-8016E2704969}.Release|Any CPU.ActiveCfg = Release|Any CPU
		{1C5611B0-C2EE-43C5-BA3F-8016E2704969}.Release|Any CPU.Build.0 = Release|Any CPU
	EndGlobalSection
	GlobalSection(SolutionProperties) = preSolution
		HideSolutionNode = FALSE
	EndGlobalSection
	GlobalSection(NestedProjects) = preSolution
		{233FDDCD-5706-4E83-AF15-41A0CA9F0E42} = {89EF6D8C-C8F7-4374-B424-C88013F4791C}
		{9C9397C0-677A-481E-9A3B-5C0152ECF6E1} = {233FDDCD-5706-4E83-AF15-41A0CA9F0E42}
	EndGlobalSection
	GlobalSection(ExtensibilityGlobals) = postSolution
		SolutionGuid = {32FBE198-F721-4B81-B08E-A834940EC363}
	EndGlobalSection
EndGlobal
